PODS:
  - Alamofire (1.1.4)
  - Nimble (0.3.0)
  - Quick (0.2.2)
  - SwiftyJSON (2.1.3)

DEPENDENCIES:
  - Alamofire
  - Nimble
  - Quick
  - SwiftyJSON

SPEC CHECKSUMS:
  Alamofire: 524225da382071ee3e6d0badd0ee4b4dc36740de
  Nimble: a4d9d978129e83d73e33b7d8bce57443bd556068
  Quick: 7b89ff625e72ef931c2a9ef2f25ac3a9d2457763
  SwiftyJSON: 48be7490a3989a58a3f511cd54167f0a2b466e76

COCOAPODS: 0.36.0.beta.2
