PODS:
  - Alamofire (1.2.0)
  - Nimble (0.4.2)
  - Quick (0.3.1)
  - SwiftyJSON (2.2.0)

DEPENDENCIES:
  - Alamofire (~> 1.2.0)
  - Nimble (~> 0.4.2)
  - Quick (~> 0.3.1)
  - SwiftyJSON (~> 2.2.0)

SPEC CHECKSUMS:
  Alamofire: d765c5c1713aa64106b0228aaa600a1e6851f68d
  Nimble: 49b7a7da8919f42823d37c6d68cc6d15a7009f32
  Quick: 824572d3d198d51e52cf4aa722cebf7e59952a35
  SwiftyJSON: 0b3e6c07af17ff745e77e8e9984097b55c956e5c

COCOAPODS: 0.36.4
