PODS:
  - Alamofire (3.1.5)
  - Nimble (2.0.0-rc.2)
  - Quick (0.5.1)
  - SwiftyJSON (2.3.2)

DEPENDENCIES:
  - Alamofire
  - Nimble (~> 2.0.0-rc2)
  - Quick (~> 0.5.0)
  - SwiftyJSON

SPEC CHECKSUMS:
  Alamofire: 5f730ba29fd113b7ddd71c1e65d0c630acf5d7b0
  Nimble: e3cf5e73a491daf21c2bc88783dbfc55ce8b8e02
  Quick: 7426537a99e75076d6930c5b6da58006e4a9f38a
  SwiftyJSON: 04ccea08915aa0109039157c7974cf0298da292a

COCOAPODS: 0.38.2
