// !$*UTF8*$!
{
	archiveVersion = 1;
	classes = {
	};
	objectVersion = 46;
	objects = {

/* Begin PBXBuildFile section */
		0714CAE11A5C7992007EB486 /* AppDelegate.swift in Sources */ = {isa = PBXBuildFile; fileRef = 0714CAE01A5C7992007EB486 /* AppDelegate.swift */; };
		0714CAE41A5C7992007EB486 /* KPCCTestPlayer.xcdatamodeld in Sources */ = {isa = PBXBuildFile; fileRef = 0714CAE21A5C7992007EB486 /* KPCCTestPlayer.xcdatamodeld */; };
		0714CAE61A5C7992007EB486 /* ViewController.swift in Sources */ = {isa = PBXBuildFile; fileRef = 0714CAE51A5C7992007EB486 /* ViewController.swift */; };
		0714CAE91A5C7992007EB486 /* Main.storyboard in Resources */ = {isa = PBXBuildFile; fileRef = 0714CAE71A5C7992007EB486 /* Main.storyboard */; };
		0714CAEB1A5C7992007EB486 /* Images.xcassets in Resources */ = {isa = PBXBuildFile; fileRef = 0714CAEA1A5C7992007EB486 /* Images.xcassets */; };
		0714CAEE1A5C7992007EB486 /* LaunchScreen.xib in Resources */ = {isa = PBXBuildFile; fileRef = 0714CAEC1A5C7992007EB486 /* LaunchScreen.xib */; };
		076537051A8BBC19004E7495 /* Pods-KPCCTestPlayerTests.debug.xcconfig in Resources */ = {isa = PBXBuildFile; fileRef = 076537041A8BBC19004E7495 /* Pods-KPCCTestPlayerTests.debug.xcconfig */; };
		076537071A8BBC20004E7495 /* Pods-KPCCTestPlayerTests.release.xcconfig in Resources */ = {isa = PBXBuildFile; fileRef = 076537061A8BBC20004E7495 /* Pods-KPCCTestPlayerTests.release.xcconfig */; };
		078A5D971A640FE100A67C41 /* AudioPlayer.swift in Sources */ = {isa = PBXBuildFile; fileRef = 078A5D961A640FE100A67C41 /* AudioPlayer.swift */; };
		078A5D991A64120E00A67C41 /* AVFoundation.framework in Frameworks */ = {isa = PBXBuildFile; fileRef = 078A5D981A64120E00A67C41 /* AVFoundation.framework */; };
		079783801A6AA35F00EE559B /* Schedule.swift in Sources */ = {isa = PBXBuildFile; fileRef = 0797837F1A6AA35F00EE559B /* Schedule.swift */; };
		07A6B1CD1A8663D200C65957 /* AudioPlayerTests.swift in Sources */ = {isa = PBXBuildFile; fileRef = 07A6B1CC1A8663D200C65957 /* AudioPlayerTests.swift */; };
		07CC51951A753B3200E53E8B /* av_observer.swift in Sources */ = {isa = PBXBuildFile; fileRef = 07CC51941A753B3200E53E8B /* av_observer.swift */; };
		8FD23B5C59072D5F7B9AE57E /* Pods.framework in Frameworks */ = {isa = PBXBuildFile; fileRef = B63AF27C66A6E54DA6CA7FF1 /* Pods.framework */; settings = {ATTRIBUTES = (Weak, ); }; };
		AFCA081B6F4B7A8D0AF1A44D /* Pods_KPCCTestPlayerTests.framework in Frameworks */ = {isa = PBXBuildFile; fileRef = DE84C4F9D006DD8EC3E6BDB7 /* Pods_KPCCTestPlayerTests.framework */; settings = {ATTRIBUTES = (Weak, ); }; };
/* End PBXBuildFile section */

/* Begin PBXContainerItemProxy section */
		0714CAF41A5C7992007EB486 /* PBXContainerItemProxy */ = {
			isa = PBXContainerItemProxy;
			containerPortal = 0714CAD31A5C7992007EB486 /* Project object */;
			proxyType = 1;
			remoteGlobalIDString = 0714CADA1A5C7992007EB486;
			remoteInfo = KPCCTestPlayer;
		};
/* End PBXContainerItemProxy section */

/* Begin PBXFileReference section */
		0714CADB1A5C7992007EB486 /* KPCCTestPlayer.app */ = {isa = PBXFileReference; explicitFileType = wrapper.application; includeInIndex = 0; path = KPCCTestPlayer.app; sourceTree = BUILT_PRODUCTS_DIR; };
		0714CADF1A5C7992007EB486 /* Info.plist */ = {isa = PBXFileReference; lastKnownFileType = text.plist.xml; path = Info.plist; sourceTree = "<group>"; };
		0714CAE01A5C7992007EB486 /* AppDelegate.swift */ = {isa = PBXFileReference; lastKnownFileType = sourcecode.swift; path = AppDelegate.swift; sourceTree = "<group>"; };
		0714CAE31A5C7992007EB486 /* KPCCTestPlayer.xcdatamodel */ = {isa = PBXFileReference; lastKnownFileType = wrapper.xcdatamodel; path = KPCCTestPlayer.xcdatamodel; sourceTree = "<group>"; };
		0714CAE51A5C7992007EB486 /* ViewController.swift */ = {isa = PBXFileReference; lastKnownFileType = sourcecode.swift; path = ViewController.swift; sourceTree = "<group>"; };
		0714CAE81A5C7992007EB486 /* Base */ = {isa = PBXFileReference; lastKnownFileType = file.storyboard; name = Base; path = Base.lproj/Main.storyboard; sourceTree = "<group>"; };
		0714CAEA1A5C7992007EB486 /* Images.xcassets */ = {isa = PBXFileReference; lastKnownFileType = folder.assetcatalog; path = Images.xcassets; sourceTree = "<group>"; };
		0714CAED1A5C7992007EB486 /* Base */ = {isa = PBXFileReference; lastKnownFileType = file.xib; name = Base; path = Base.lproj/LaunchScreen.xib; sourceTree = "<group>"; };
		0714CAF31A5C7992007EB486 /* KPCCTestPlayerTests.xctest */ = {isa = PBXFileReference; explicitFileType = wrapper.cfbundle; includeInIndex = 0; path = KPCCTestPlayerTests.xctest; sourceTree = BUILT_PRODUCTS_DIR; };
		0714CAF81A5C7992007EB486 /* Info.plist */ = {isa = PBXFileReference; lastKnownFileType = text.plist.xml; path = Info.plist; sourceTree = "<group>"; };
		076537041A8BBC19004E7495 /* Pods-KPCCTestPlayerTests.debug.xcconfig */ = {isa = PBXFileReference; fileEncoding = 4; lastKnownFileType = text.xcconfig; name = "Pods-KPCCTestPlayerTests.debug.xcconfig"; path = "Pods/Target Support Files/Pods-KPCCTestPlayerTests/Pods-KPCCTestPlayerTests.debug.xcconfig"; sourceTree = "<group>"; };
		076537061A8BBC20004E7495 /* Pods-KPCCTestPlayerTests.release.xcconfig */ = {isa = PBXFileReference; fileEncoding = 4; lastKnownFileType = text.xcconfig; name = "Pods-KPCCTestPlayerTests.release.xcconfig"; path = "Pods/Target Support Files/Pods-KPCCTestPlayerTests/Pods-KPCCTestPlayerTests.release.xcconfig"; sourceTree = "<group>"; };
		078A5D961A640FE100A67C41 /* AudioPlayer.swift */ = {isa = PBXFileReference; fileEncoding = 4; lastKnownFileType = sourcecode.swift; path = AudioPlayer.swift; sourceTree = "<group>"; };
		078A5D981A64120E00A67C41 /* AVFoundation.framework */ = {isa = PBXFileReference; lastKnownFileType = wrapper.framework; name = AVFoundation.framework; path = System/Library/Frameworks/AVFoundation.framework; sourceTree = SDKROOT; };
		0797837F1A6AA35F00EE559B /* Schedule.swift */ = {isa = PBXFileReference; fileEncoding = 4; lastKnownFileType = sourcecode.swift; path = Schedule.swift; sourceTree = "<group>"; };
		07A6B1CC1A8663D200C65957 /* AudioPlayerTests.swift */ = {isa = PBXFileReference; fileEncoding = 4; lastKnownFileType = sourcecode.swift; path = AudioPlayerTests.swift; sourceTree = "<group>"; };
		07CC51941A753B3200E53E8B /* av_observer.swift */ = {isa = PBXFileReference; fileEncoding = 4; lastKnownFileType = sourcecode.swift; path = av_observer.swift; sourceTree = "<group>"; };
		B63AF27C66A6E54DA6CA7FF1 /* Pods.framework */ = {isa = PBXFileReference; explicitFileType = wrapper.framework; includeInIndex = 0; path = Pods.framework; sourceTree = BUILT_PRODUCTS_DIR; };
		C0E203CFDC7C7D9BD0CA02BD /* Pods.release.xcconfig */ = {isa = PBXFileReference; includeInIndex = 1; lastKnownFileType = text.xcconfig; name = Pods.release.xcconfig; path = "Pods/Target Support Files/Pods/Pods.release.xcconfig"; sourceTree = "<group>"; };
		DE84C4F9D006DD8EC3E6BDB7 /* Pods_KPCCTestPlayerTests.framework */ = {isa = PBXFileReference; explicitFileType = wrapper.framework; includeInIndex = 0; path = Pods_KPCCTestPlayerTests.framework; sourceTree = BUILT_PRODUCTS_DIR; };
		DFA2E7B59445CDE2B8FCAE02 /* Pods.debug.xcconfig */ = {isa = PBXFileReference; includeInIndex = 1; lastKnownFileType = text.xcconfig; name = Pods.debug.xcconfig; path = "Pods/Target Support Files/Pods/Pods.debug.xcconfig"; sourceTree = "<group>"; };
/* End PBXFileReference section */

/* Begin PBXFrameworksBuildPhase section */
		0714CAD81A5C7992007EB486 /* Frameworks */ = {
			isa = PBXFrameworksBuildPhase;
			buildActionMask = 2147483647;
			files = (
				078A5D991A64120E00A67C41 /* AVFoundation.framework in Frameworks */,
				8FD23B5C59072D5F7B9AE57E /* Pods.framework in Frameworks */,
			);
			runOnlyForDeploymentPostprocessing = 0;
		};
		0714CAF01A5C7992007EB486 /* Frameworks */ = {
			isa = PBXFrameworksBuildPhase;
			buildActionMask = 2147483647;
			files = (
				AFCA081B6F4B7A8D0AF1A44D /* Pods_KPCCTestPlayerTests.framework in Frameworks */,
			);
			runOnlyForDeploymentPostprocessing = 0;
		};
/* End PBXFrameworksBuildPhase section */

/* Begin PBXGroup section */
		0714CAD21A5C7992007EB486 = {
			isa = PBXGroup;
			children = (
				078A5D981A64120E00A67C41 /* AVFoundation.framework */,
				0714CADD1A5C7992007EB486 /* KPCCTestPlayer */,
				0714CAF61A5C7992007EB486 /* KPCCTestPlayerTests */,
				0714CADC1A5C7992007EB486 /* Products */,
				F1A5EC8D917CB2E387A0FF21 /* Pods */,
				396AF685AD4CBB3949F6E8D6 /* Frameworks */,
			);
			sourceTree = "<group>";
		};
		0714CADC1A5C7992007EB486 /* Products */ = {
			isa = PBXGroup;
			children = (
				0714CADB1A5C7992007EB486 /* KPCCTestPlayer.app */,
				0714CAF31A5C7992007EB486 /* KPCCTestPlayerTests.xctest */,
			);
			name = Products;
			sourceTree = "<group>";
		};
		0714CADD1A5C7992007EB486 /* KPCCTestPlayer */ = {
			isa = PBXGroup;
			children = (
				0714CAE01A5C7992007EB486 /* AppDelegate.swift */,
				0714CAE51A5C7992007EB486 /* ViewController.swift */,
				0714CAE71A5C7992007EB486 /* Main.storyboard */,
				0714CAEA1A5C7992007EB486 /* Images.xcassets */,
				0714CAEC1A5C7992007EB486 /* LaunchScreen.xib */,
				0714CAE21A5C7992007EB486 /* KPCCTestPlayer.xcdatamodeld */,
				0714CADE1A5C7992007EB486 /* Supporting Files */,
				078A5D961A640FE100A67C41 /* AudioPlayer.swift */,
				07CC51941A753B3200E53E8B /* av_observer.swift */,
				0797837F1A6AA35F00EE559B /* Schedule.swift */,
			);
			path = KPCCTestPlayer;
			sourceTree = "<group>";
		};
		0714CADE1A5C7992007EB486 /* Supporting Files */ = {
			isa = PBXGroup;
			children = (
				0714CADF1A5C7992007EB486 /* Info.plist */,
			);
			name = "Supporting Files";
			sourceTree = "<group>";
		};
		0714CAF61A5C7992007EB486 /* KPCCTestPlayerTests */ = {
			isa = PBXGroup;
			children = (
				07A6B1CC1A8663D200C65957 /* AudioPlayerTests.swift */,
				0714CAF71A5C7992007EB486 /* Supporting Files */,
			);
			path = KPCCTestPlayerTests;
			sourceTree = "<group>";
		};
		0714CAF71A5C7992007EB486 /* Supporting Files */ = {
			isa = PBXGroup;
			children = (
				0714CAF81A5C7992007EB486 /* Info.plist */,
			);
			name = "Supporting Files";
			sourceTree = "<group>";
		};
		396AF685AD4CBB3949F6E8D6 /* Frameworks */ = {
			isa = PBXGroup;
			children = (
				B63AF27C66A6E54DA6CA7FF1 /* Pods.framework */,
				DE84C4F9D006DD8EC3E6BDB7 /* Pods_KPCCTestPlayerTests.framework */,
			);
			name = Frameworks;
			sourceTree = "<group>";
		};
		F1A5EC8D917CB2E387A0FF21 /* Pods */ = {
			isa = PBXGroup;
			children = (
				076537041A8BBC19004E7495 /* Pods-KPCCTestPlayerTests.debug.xcconfig */,
				DFA2E7B59445CDE2B8FCAE02 /* Pods.debug.xcconfig */,
				076537061A8BBC20004E7495 /* Pods-KPCCTestPlayerTests.release.xcconfig */,
				C0E203CFDC7C7D9BD0CA02BD /* Pods.release.xcconfig */,
			);
			name = Pods;
			sourceTree = "<group>";
		};
/* End PBXGroup section */

/* Begin PBXNativeTarget section */
		0714CADA1A5C7992007EB486 /* KPCCTestPlayer */ = {
			isa = PBXNativeTarget;
			buildConfigurationList = 0714CAFD1A5C7992007EB486 /* Build configuration list for PBXNativeTarget "KPCCTestPlayer" */;
			buildPhases = (
				4814EB04DCDF8D7BB37070ED /* Check Pods Manifest.lock */,
				0714CAD71A5C7992007EB486 /* Sources */,
				0714CAD81A5C7992007EB486 /* Frameworks */,
				0714CAD91A5C7992007EB486 /* Resources */,
				C35FB900B5FB611BFFE6AA3B /* Embed Pods Frameworks */,
				6D237CD0BBA4BF3D7210AF2A /* Copy Pods Resources */,
			);
			buildRules = (
			);
			dependencies = (
			);
			name = KPCCTestPlayer;
			productName = KPCCTestPlayer;
			productReference = 0714CADB1A5C7992007EB486 /* KPCCTestPlayer.app */;
			productType = "com.apple.product-type.application";
		};
		0714CAF21A5C7992007EB486 /* KPCCTestPlayerTests */ = {
			isa = PBXNativeTarget;
			buildConfigurationList = 0714CB001A5C7992007EB486 /* Build configuration list for PBXNativeTarget "KPCCTestPlayerTests" */;
			buildPhases = (
				430231703846475C22D14129 /* Check Pods Manifest.lock */,
				0714CAEF1A5C7992007EB486 /* Sources */,
				0714CAF01A5C7992007EB486 /* Frameworks */,
				0714CAF11A5C7992007EB486 /* Resources */,
				1561AC28ED34EE1145B46CD9 /* Embed Pods Frameworks */,
				B9F232E1C734EA8ECA0CCDA0 /* Copy Pods Resources */,
			);
			buildRules = (
			);
			dependencies = (
				0714CAF51A5C7992007EB486 /* PBXTargetDependency */,
			);
			name = KPCCTestPlayerTests;
			productName = KPCCTestPlayerTests;
			productReference = 0714CAF31A5C7992007EB486 /* KPCCTestPlayerTests.xctest */;
			productType = "com.apple.product-type.bundle.unit-test";
		};
/* End PBXNativeTarget section */

/* Begin PBXProject section */
		0714CAD31A5C7992007EB486 /* Project object */ = {
			isa = PBXProject;
			attributes = {
				LastUpgradeCheck = 0610;
				ORGANIZATIONNAME = "Eric Richardson";
				TargetAttributes = {
					0714CADA1A5C7992007EB486 = {
						CreatedOnToolsVersion = 6.1.1;
						SystemCapabilities = {
							com.apple.BackgroundModes = {
								enabled = 1;
							};
						};
					};
					0714CAF21A5C7992007EB486 = {
						CreatedOnToolsVersion = 6.1.1;
						TestTargetID = 0714CADA1A5C7992007EB486;
					};
				};
			};
			buildConfigurationList = 0714CAD61A5C7992007EB486 /* Build configuration list for PBXProject "KPCCTestPlayer" */;
			compatibilityVersion = "Xcode 3.2";
			developmentRegion = English;
			hasScannedForEncodings = 0;
			knownRegions = (
				en,
				Base,
			);
			mainGroup = 0714CAD21A5C7992007EB486;
			productRefGroup = 0714CADC1A5C7992007EB486 /* Products */;
			projectDirPath = "";
			projectRoot = "";
			targets = (
				0714CADA1A5C7992007EB486 /* KPCCTestPlayer */,
				0714CAF21A5C7992007EB486 /* KPCCTestPlayerTests */,
			);
		};
/* End PBXProject section */

/* Begin PBXResourcesBuildPhase section */
		0714CAD91A5C7992007EB486 /* Resources */ = {
			isa = PBXResourcesBuildPhase;
			buildActionMask = 2147483647;
			files = (
				0714CAE91A5C7992007EB486 /* Main.storyboard in Resources */,
				0714CAEE1A5C7992007EB486 /* LaunchScreen.xib in Resources */,
				0714CAEB1A5C7992007EB486 /* Images.xcassets in Resources */,
			);
			runOnlyForDeploymentPostprocessing = 0;
		};
		0714CAF11A5C7992007EB486 /* Resources */ = {
			isa = PBXResourcesBuildPhase;
			buildActionMask = 2147483647;
			files = (
				076537051A8BBC19004E7495 /* Pods-KPCCTestPlayerTests.debug.xcconfig in Resources */,
				076537071A8BBC20004E7495 /* Pods-KPCCTestPlayerTests.release.xcconfig in Resources */,
			);
			runOnlyForDeploymentPostprocessing = 0;
		};
/* End PBXResourcesBuildPhase section */

/* Begin PBXShellScriptBuildPhase section */
		1561AC28ED34EE1145B46CD9 /* Embed Pods Frameworks */ = {
			isa = PBXShellScriptBuildPhase;
			buildActionMask = 2147483647;
			files = (
			);
			inputPaths = (
			);
			name = "Embed Pods Frameworks";
			outputPaths = (
			);
			runOnlyForDeploymentPostprocessing = 0;
			shellPath = /bin/sh;
			shellScript = "\"${SRCROOT}/Pods/Target Support Files/Pods-KPCCTestPlayerTests/Pods-KPCCTestPlayerTests-frameworks.sh\"\n";
			showEnvVarsInLog = 0;
		};
		430231703846475C22D14129 /* Check Pods Manifest.lock */ = {
			isa = PBXShellScriptBuildPhase;
			buildActionMask = 2147483647;
			files = (
			);
			inputPaths = (
			);
			name = "Check Pods Manifest.lock";
			outputPaths = (
			);
			runOnlyForDeploymentPostprocessing = 0;
			shellPath = /bin/sh;
			shellScript = "diff \"${PODS_ROOT}/../Podfile.lock\" \"${PODS_ROOT}/Manifest.lock\" > /dev/null\nif [[ $? != 0 ]] ; then\n    cat << EOM\nerror: The sandbox is not in sync with the Podfile.lock. Run 'pod install' or update your CocoaPods installation.\nEOM\n    exit 1\nfi\n";
			showEnvVarsInLog = 0;
		};
		4814EB04DCDF8D7BB37070ED /* Check Pods Manifest.lock */ = {
			isa = PBXShellScriptBuildPhase;
			buildActionMask = 2147483647;
			files = (
			);
			inputPaths = (
			);
			name = "Check Pods Manifest.lock";
			outputPaths = (
			);
			runOnlyForDeploymentPostprocessing = 0;
			shellPath = /bin/sh;
			shellScript = "diff \"${PODS_ROOT}/../Podfile.lock\" \"${PODS_ROOT}/Manifest.lock\" > /dev/null\nif [[ $? != 0 ]] ; then\n    cat << EOM\nerror: The sandbox is not in sync with the Podfile.lock. Run 'pod install' or update your CocoaPods installation.\nEOM\n    exit 1\nfi\n";
			showEnvVarsInLog = 0;
		};
		6D237CD0BBA4BF3D7210AF2A /* Copy Pods Resources */ = {
			isa = PBXShellScriptBuildPhase;
			buildActionMask = 2147483647;
			files = (
			);
			inputPaths = (
			);
			name = "Copy Pods Resources";
			outputPaths = (
			);
			runOnlyForDeploymentPostprocessing = 0;
			shellPath = /bin/sh;
			shellScript = "\"${SRCROOT}/Pods/Target Support Files/Pods/Pods-resources.sh\"\n";
			showEnvVarsInLog = 0;
		};
		B9F232E1C734EA8ECA0CCDA0 /* Copy Pods Resources */ = {
			isa = PBXShellScriptBuildPhase;
			buildActionMask = 2147483647;
			files = (
			);
			inputPaths = (
			);
			name = "Copy Pods Resources";
			outputPaths = (
			);
			runOnlyForDeploymentPostprocessing = 0;
			shellPath = /bin/sh;
			shellScript = "\"${SRCROOT}/Pods/Target Support Files/Pods-KPCCTestPlayerTests/Pods-KPCCTestPlayerTests-resources.sh\"\n";
			showEnvVarsInLog = 0;
		};
		C35FB900B5FB611BFFE6AA3B /* Embed Pods Frameworks */ = {
			isa = PBXShellScriptBuildPhase;
			buildActionMask = 2147483647;
			files = (
			);
			inputPaths = (
			);
			name = "Embed Pods Frameworks";
			outputPaths = (
			);
			runOnlyForDeploymentPostprocessing = 0;
			shellPath = /bin/sh;
			shellScript = "\"${SRCROOT}/Pods/Target Support Files/Pods/Pods-frameworks.sh\"\n";
			showEnvVarsInLog = 0;
		};
/* End PBXShellScriptBuildPhase section */

/* Begin PBXSourcesBuildPhase section */
		0714CAD71A5C7992007EB486 /* Sources */ = {
			isa = PBXSourcesBuildPhase;
			buildActionMask = 2147483647;
			files = (
				0714CAE61A5C7992007EB486 /* ViewController.swift in Sources */,
				0714CAE11A5C7992007EB486 /* AppDelegate.swift in Sources */,
				0714CAE41A5C7992007EB486 /* KPCCTestPlayer.xcdatamodeld in Sources */,
				07CC51951A753B3200E53E8B /* av_observer.swift in Sources */,
				079783801A6AA35F00EE559B /* Schedule.swift in Sources */,
				078A5D971A640FE100A67C41 /* AudioPlayer.swift in Sources */,
			);
			runOnlyForDeploymentPostprocessing = 0;
		};
		0714CAEF1A5C7992007EB486 /* Sources */ = {
			isa = PBXSourcesBuildPhase;
			buildActionMask = 2147483647;
			files = (
				07A6B1CD1A8663D200C65957 /* AudioPlayerTests.swift in Sources */,
			);
			runOnlyForDeploymentPostprocessing = 0;
		};
/* End PBXSourcesBuildPhase section */

/* Begin PBXTargetDependency section */
		0714CAF51A5C7992007EB486 /* PBXTargetDependency */ = {
			isa = PBXTargetDependency;
			target = 0714CADA1A5C7992007EB486 /* KPCCTestPlayer */;
			targetProxy = 0714CAF41A5C7992007EB486 /* PBXContainerItemProxy */;
		};
/* End PBXTargetDependency section */

/* Begin PBXVariantGroup section */
		0714CAE71A5C7992007EB486 /* Main.storyboard */ = {
			isa = PBXVariantGroup;
			children = (
				0714CAE81A5C7992007EB486 /* Base */,
			);
			name = Main.storyboard;
			sourceTree = "<group>";
		};
		0714CAEC1A5C7992007EB486 /* LaunchScreen.xib */ = {
			isa = PBXVariantGroup;
			children = (
				0714CAED1A5C7992007EB486 /* Base */,
			);
			name = LaunchScreen.xib;
			sourceTree = "<group>";
		};
/* End PBXVariantGroup section */

/* Begin XCBuildConfiguration section */
		0714CAFB1A5C7992007EB486 /* Debug */ = {
			isa = XCBuildConfiguration;
			buildSettings = {
				ALWAYS_SEARCH_USER_PATHS = NO;
				CLANG_CXX_LANGUAGE_STANDARD = "gnu++0x";
				CLANG_CXX_LIBRARY = "libc++";
				CLANG_ENABLE_MODULES = YES;
				CLANG_ENABLE_OBJC_ARC = YES;
				CLANG_WARN_BOOL_CONVERSION = YES;
				CLANG_WARN_CONSTANT_CONVERSION = YES;
				CLANG_WARN_DIRECT_OBJC_ISA_USAGE = YES_ERROR;
				CLANG_WARN_EMPTY_BODY = YES;
				CLANG_WARN_ENUM_CONVERSION = YES;
				CLANG_WARN_INT_CONVERSION = YES;
				CLANG_WARN_OBJC_ROOT_CLASS = YES_ERROR;
				CLANG_WARN_UNREACHABLE_CODE = YES;
				CLANG_WARN__DUPLICATE_METHOD_MATCH = YES;
				"CODE_SIGN_IDENTITY[sdk=iphoneos*]" = "iPhone Developer";
				COPY_PHASE_STRIP = NO;
				DEAD_CODE_STRIPPING = NO;
				ENABLE_STRICT_OBJC_MSGSEND = YES;
				FRAMEWORK_SEARCH_PATHS = "";
				GCC_C_LANGUAGE_STANDARD = gnu99;
				GCC_DYNAMIC_NO_PIC = NO;
				GCC_OPTIMIZATION_LEVEL = 0;
				GCC_PREPROCESSOR_DEFINITIONS = (
					"DEBUG=1",
					"$(inherited)",
				);
				GCC_SYMBOLS_PRIVATE_EXTERN = NO;
				GCC_WARN_64_TO_32_BIT_CONVERSION = YES;
				GCC_WARN_ABOUT_RETURN_TYPE = YES_ERROR;
				GCC_WARN_UNDECLARED_SELECTOR = YES;
				GCC_WARN_UNINITIALIZED_AUTOS = YES_AGGRESSIVE;
				GCC_WARN_UNUSED_FUNCTION = YES;
				GCC_WARN_UNUSED_VARIABLE = YES;
				IPHONEOS_DEPLOYMENT_TARGET = 8.1;
				MTL_ENABLE_DEBUG_INFO = YES;
				ONLY_ACTIVE_ARCH = YES;
				SDKROOT = iphoneos;
				SWIFT_OPTIMIZATION_LEVEL = "-Onone";
				TARGETED_DEVICE_FAMILY = "1,2";
			};
			name = Debug;
		};
		0714CAFC1A5C7992007EB486 /* Release */ = {
			isa = XCBuildConfiguration;
			buildSettings = {
				ALWAYS_SEARCH_USER_PATHS = NO;
				CLANG_CXX_LANGUAGE_STANDARD = "gnu++0x";
				CLANG_CXX_LIBRARY = "libc++";
				CLANG_ENABLE_MODULES = YES;
				CLANG_ENABLE_OBJC_ARC = YES;
				CLANG_WARN_BOOL_CONVERSION = YES;
				CLANG_WARN_CONSTANT_CONVERSION = YES;
				CLANG_WARN_DIRECT_OBJC_ISA_USAGE = YES_ERROR;
				CLANG_WARN_EMPTY_BODY = YES;
				CLANG_WARN_ENUM_CONVERSION = YES;
				CLANG_WARN_INT_CONVERSION = YES;
				CLANG_WARN_OBJC_ROOT_CLASS = YES_ERROR;
				CLANG_WARN_UNREACHABLE_CODE = YES;
				CLANG_WARN__DUPLICATE_METHOD_MATCH = YES;
				"CODE_SIGN_IDENTITY[sdk=iphoneos*]" = "iPhone Developer";
				COPY_PHASE_STRIP = YES;
				ENABLE_NS_ASSERTIONS = NO;
				ENABLE_STRICT_OBJC_MSGSEND = YES;
				FRAMEWORK_SEARCH_PATHS = "";
				GCC_C_LANGUAGE_STANDARD = gnu99;
				GCC_WARN_64_TO_32_BIT_CONVERSION = YES;
				GCC_WARN_ABOUT_RETURN_TYPE = YES_ERROR;
				GCC_WARN_UNDECLARED_SELECTOR = YES;
				GCC_WARN_UNINITIALIZED_AUTOS = YES_AGGRESSIVE;
				GCC_WARN_UNUSED_FUNCTION = YES;
				GCC_WARN_UNUSED_VARIABLE = YES;
				IPHONEOS_DEPLOYMENT_TARGET = 8.1;
				MTL_ENABLE_DEBUG_INFO = NO;
				SDKROOT = iphoneos;
				TARGETED_DEVICE_FAMILY = "1,2";
				VALIDATE_PRODUCT = YES;
			};
			name = Release;
		};
		0714CAFE1A5C7992007EB486 /* Debug */ = {
			isa = XCBuildConfiguration;
			baseConfigurationReference = DFA2E7B59445CDE2B8FCAE02 /* Pods.debug.xcconfig */;
			buildSettings = {
				ASSETCATALOG_COMPILER_APPICON_NAME = AppIcon;
				CODE_SIGN_IDENTITY = "iPhone Developer";
				DEFINES_MODULE = YES;
				FRAMEWORK_SEARCH_PATHS = (
					"$(inherited)",
					"$(PROJECT_DIR)/Pods/build/Debug-iphoneos",
				);
				INFOPLIST_FILE = KPCCTestPlayer/Info.plist;
				LD_RUNPATH_SEARCH_PATHS = "$(inherited) @executable_path/Frameworks";
				PRODUCT_NAME = "$(TARGET_NAME)";
			};
			name = Debug;
		};
		0714CAFF1A5C7992007EB486 /* Release */ = {
			isa = XCBuildConfiguration;
			baseConfigurationReference = C0E203CFDC7C7D9BD0CA02BD /* Pods.release.xcconfig */;
			buildSettings = {
				ASSETCATALOG_COMPILER_APPICON_NAME = AppIcon;
				CODE_SIGN_IDENTITY = "iPhone Developer";
				DEFINES_MODULE = YES;
				FRAMEWORK_SEARCH_PATHS = (
					"$(inherited)",
					"$(PROJECT_DIR)/Pods/build/Debug-iphoneos",
				);
				INFOPLIST_FILE = KPCCTestPlayer/Info.plist;
				LD_RUNPATH_SEARCH_PATHS = "$(inherited) @executable_path/Frameworks";
				PRODUCT_NAME = "$(TARGET_NAME)";
			};
			name = Release;
		};
		0714CB011A5C7992007EB486 /* Debug */ = {
			isa = XCBuildConfiguration;
			baseConfigurationReference = 076537041A8BBC19004E7495 /* Pods-KPCCTestPlayerTests.debug.xcconfig */;
			buildSettings = {
				BUNDLE_LOADER = "$(TEST_HOST)";
				FRAMEWORK_SEARCH_PATHS = (
					"$(SDKROOT)/Developer/Library/Frameworks",
					"$(inherited)",
					"$(PROJECT_DIR)/Pods/build/Debug-iphoneos",
				);
				GCC_PREPROCESSOR_DEFINITIONS = (
					"DEBUG=1",
					"$(inherited)",
				);
				INFOPLIST_FILE = KPCCTestPlayerTests/Info.plist;
				LD_RUNPATH_SEARCH_PATHS = "$(inherited) @executable_path/Frameworks @loader_path/Frameworks";
				PRODUCT_NAME = "$(TARGET_NAME)";
				TEST_HOST = "$(BUILT_PRODUCTS_DIR)/KPCCTestPlayer.app/KPCCTestPlayer";
			};
			name = Debug;
		};
		0714CB021A5C7992007EB486 /* Release */ = {
			isa = XCBuildConfiguration;
			baseConfigurationReference = 076537061A8BBC20004E7495 /* Pods-KPCCTestPlayerTests.release.xcconfig */;
			buildSettings = {
				BUNDLE_LOADER = "$(TEST_HOST)";
				FRAMEWORK_SEARCH_PATHS = (
					"$(SDKROOT)/Developer/Library/Frameworks",
					"$(inherited)",
					"$(PROJECT_DIR)/Pods/build/Debug-iphoneos",
				);
				INFOPLIST_FILE = KPCCTestPlayerTests/Info.plist;
				LD_RUNPATH_SEARCH_PATHS = "$(inherited) @executable_path/Frameworks @loader_path/Frameworks";
				PRODUCT_NAME = "$(TARGET_NAME)";
				TEST_HOST = "$(BUILT_PRODUCTS_DIR)/KPCCTestPlayer.app/KPCCTestPlayer";
			};
			name = Release;
		};
/* End XCBuildConfiguration section */

/* Begin XCConfigurationList section */
		0714CAD61A5C7992007EB486 /* Build configuration list for PBXProject "KPCCTestPlayer" */ = {
			isa = XCConfigurationList;
			buildConfigurations = (
				0714CAFB1A5C7992007EB486 /* Debug */,
				0714CAFC1A5C7992007EB486 /* Release */,
			);
			defaultConfigurationIsVisible = 0;
			defaultConfigurationName = Release;
		};
		0714CAFD1A5C7992007EB486 /* Build configuration list for PBXNativeTarget "KPCCTestPlayer" */ = {
			isa = XCConfigurationList;
			buildConfigurations = (
				0714CAFE1A5C7992007EB486 /* Debug */,
				0714CAFF1A5C7992007EB486 /* Release */,
			);
			defaultConfigurationIsVisible = 0;
			defaultConfigurationName = Release;
		};
		0714CB001A5C7992007EB486 /* Build configuration list for PBXNativeTarget "KPCCTestPlayerTests" */ = {
			isa = XCConfigurationList;
			buildConfigurations = (
				0714CB011A5C7992007EB486 /* Debug */,
				0714CB021A5C7992007EB486 /* Release */,
			);
			defaultConfigurationIsVisible = 0;
			defaultConfigurationName = Release;
		};
/* End XCConfigurationList section */

/* Begin XCVersionGroup section */
		0714CAE21A5C7992007EB486 /* KPCCTestPlayer.xcdatamodeld */ = {
			isa = XCVersionGroup;
			children = (
				0714CAE31A5C7992007EB486 /* KPCCTestPlayer.xcdatamodel */,
			);
			currentVersion = 0714CAE31A5C7992007EB486 /* KPCCTestPlayer.xcdatamodel */;
			path = KPCCTestPlayer.xcdatamodeld;
			sourceTree = "<group>";
			versionGroupType = wrapper.xcdatamodel;
		};
/* End XCVersionGroup section */
	};
	rootObject = 0714CAD31A5C7992007EB486 /* Project object */;
}
